
Microsoft Visual Studio Solution File, Format Version 12.00
# Visual Studio Version 16
VisualStudioVersion = 16.0.32106.194
MinimumVisualStudioVersion = 10.0.40219.1
Project("{FAE04EC0-301F-11D3-BF4B-00C04F79EFBC}") = "WebBrowser(cjb15)", "WebBrowser(cjb15)\WebBrowser(cjb15).csproj", "{0A268FFC-1C72-440B-97EB-F5396BE78E48}"
EndProject
Global
	GlobalSection(SolutionConfigurationPlatforms) = preSolution
		Debug|Any CPU = Debug|Any CPU
		Release|Any CPU = Release|Any CPU
	EndGlobalSection
	GlobalSection(ProjectConfigurationPlatforms) = postSolution
		{0A268FFC-1C72-440B-97EB-F5396BE78E48}.Debug|Any CPU.ActiveCfg = Debug|Any CPU
		{0A268FFC-1C72-440B-97EB-F5396BE78E48}.Debug|Any CPU.Build.0 = Debug|Any CPU
		{0A268FFC-1C72-440B-97EB-F5396BE78E48}.Release|Any CPU.ActiveCfg = Release|Any CPU
		{0A268FFC-1C72-440B-97EB-F5396BE78E48}.Release|Any CPU.Build.0 = Release|Any CPU
	EndGlobalSection
	GlobalSection(SolutionProperties) = preSolution
		HideSolutionNode = FALSE
	EndGlobalSection
	GlobalSection(ExtensibilityGlobals) = postSolution
		SolutionGuid = {3F75D344-5E0D-4372-B044-1B58C7AAEED5}
	EndGlobalSection
EndGlobal
